
Microsoft Visual Studio Solution File, Format Version 12.00
# Visual Studio 15
VisualStudioVersion = 15.0.27703.2035
MinimumVisualStudioVersion = 10.0.40219.1
Project("{FAE04EC0-301F-11D3-BF4B-00C04F79EFBC}") = "NetCore.Mobile.Droid", "FirstXamarinFormsApplication\FirstXamarinFormsApplication.Android\NetCore.Mobile.Droid.csproj", "{71C17C6A-0FA2-441F-A478-BDB06DE6BB29}"
EndProject
Project("{FAE04EC0-301F-11D3-BF4B-00C04F79EFBC}") = "NetCore.Mobile.iOS", "FirstXamarinFormsApplication\FirstXamarinFormsApplication.iOS\NetCore.Mobile.iOS.csproj", "{1A4C1BD5-EF19-4495-ACDD-7B14E3B136EA}"
EndProject
Project("{9A19103F-16F7-4668-BE54-9A1E7A4F7556}") = "NetCore.Mobile.Client", "FirstXamarinFormsApplication.Client\NetCore.Mobile.Client.csproj", "{752808B7-C853-4DFB-8347-4CBF2D3E88D9}"
EndProject
Project("{FAE04EC0-301F-11D3-BF4B-00C04F79EFBC}") = "NetCore.Mobile.Uwp", "FirstXamarinFormsApplication.Uwp\NetCore.Mobile.Uwp.csproj", "{C96178AA-0F09-4C1A-84B3-590A093EAC24}"
EndProject
Project("{9A19103F-16F7-4668-BE54-9A1E7A4F7556}") = "NetCore.Mobile.Tests", "FirstXamarinFormsApplication.Client.Tests\NetCore.Mobile.Tests.csproj", "{A0041D0D-11F5-4017-BAE9-D51224D0FCF9}"
EndProject
Global
	GlobalSection(SolutionConfigurationPlatforms) = preSolution
		Ad-Hoc|Any CPU = Ad-Hoc|Any CPU
		Ad-Hoc|ARM = Ad-Hoc|ARM
		Ad-Hoc|iPhone = Ad-Hoc|iPhone
		Ad-Hoc|iPhoneSimulator = Ad-Hoc|iPhoneSimulator
		Ad-Hoc|x64 = Ad-Hoc|x64
		Ad-Hoc|x86 = Ad-Hoc|x86
		AppStore|Any CPU = AppStore|Any CPU
		AppStore|ARM = AppStore|ARM
		AppStore|iPhone = AppStore|iPhone
		AppStore|iPhoneSimulator = AppStore|iPhoneSimulator
		AppStore|x64 = AppStore|x64
		AppStore|x86 = AppStore|x86
		Debug|Any CPU = Debug|Any CPU
		Debug|ARM = Debug|ARM
		Debug|iPhone = Debug|iPhone
		Debug|iPhoneSimulator = Debug|iPhoneSimulator
		Debug|x64 = Debug|x64
		Debug|x86 = Debug|x86
		Release|Any CPU = Release|Any CPU
		Release|ARM = Release|ARM
		Release|iPhone = Release|iPhone
		Release|iPhoneSimulator = Release|iPhoneSimulator
		Release|x64 = Release|x64
		Release|x86 = Release|x86
	EndGlobalSection
	GlobalSection(ProjectConfigurationPlatforms) = postSolution
		{71C17C6A-0FA2-441F-A478-BDB06DE6BB29}.Ad-Hoc|Any CPU.ActiveCfg = Release|Any CPU
		{71C17C6A-0FA2-441F-A478-BDB06DE6BB29}.Ad-Hoc|Any CPU.Build.0 = Release|Any CPU
		{71C17C6A-0FA2-441F-A478-BDB06DE6BB29}.Ad-Hoc|Any CPU.Deploy.0 = Release|Any CPU
		{71C17C6A-0FA2-441F-A478-BDB06DE6BB29}.Ad-Hoc|ARM.ActiveCfg = Debug|Any CPU
		{71C17C6A-0FA2-441F-A478-BDB06DE6BB29}.Ad-Hoc|ARM.Build.0 = Debug|Any CPU
		{71C17C6A-0FA2-441F-A478-BDB06DE6BB29}.Ad-Hoc|ARM.Deploy.0 = Debug|Any CPU
		{71C17C6A-0FA2-441F-A478-BDB06DE6BB29}.Ad-Hoc|iPhone.ActiveCfg = Release|Any CPU
		{71C17C6A-0FA2-441F-A478-BDB06DE6BB29}.Ad-Hoc|iPhone.Build.0 = Release|Any CPU
		{71C17C6A-0FA2-441F-A478-BDB06DE6BB29}.Ad-Hoc|iPhone.Deploy.0 = Release|Any CPU
		{71C17C6A-0FA2-441F-A478-BDB06DE6BB29}.Ad-Hoc|iPhoneSimulator.ActiveCfg = Release|Any CPU
		{71C17C6A-0FA2-441F-A478-BDB06DE6BB29}.Ad-Hoc|iPhoneSimulator.Build.0 = Release|Any CPU
		{71C17C6A-0FA2-441F-A478-BDB06DE6BB29}.Ad-Hoc|iPhoneSimulator.Deploy.0 = Release|Any CPU
		{71C17C6A-0FA2-441F-A478-BDB06DE6BB29}.Ad-Hoc|x64.ActiveCfg = Debug|Any CPU
		{71C17C6A-0FA2-441F-A478-BDB06DE6BB29}.Ad-Hoc|x64.Build.0 = Debug|Any CPU
		{71C17C6A-0FA2-441F-A478-BDB06DE6BB29}.Ad-Hoc|x64.Deploy.0 = Debug|Any CPU
		{71C17C6A-0FA2-441F-A478-BDB06DE6BB29}.Ad-Hoc|x86.ActiveCfg = Debug|Any CPU
		{71C17C6A-0FA2-441F-A478-BDB06DE6BB29}.Ad-Hoc|x86.Build.0 = Debug|Any CPU
		{71C17C6A-0FA2-441F-A478-BDB06DE6BB29}.Ad-Hoc|x86.Deploy.0 = Debug|Any CPU
		{71C17C6A-0FA2-441F-A478-BDB06DE6BB29}.AppStore|Any CPU.ActiveCfg = Release|Any CPU
		{71C17C6A-0FA2-441F-A478-BDB06DE6BB29}.AppStore|Any CPU.Build.0 = Release|Any CPU
		{71C17C6A-0FA2-441F-A478-BDB06DE6BB29}.AppStore|Any CPU.Deploy.0 = Release|Any CPU
		{71C17C6A-0FA2-441F-A478-BDB06DE6BB29}.AppStore|ARM.ActiveCfg = Debug|Any CPU
		{71C17C6A-0FA2-441F-A478-BDB06DE6BB29}.AppStore|ARM.Build.0 = Debug|Any CPU
		{71C17C6A-0FA2-441F-A478-BDB06DE6BB29}.AppStore|ARM.Deploy.0 = Debug|Any CPU
		{71C17C6A-0FA2-441F-A478-BDB06DE6BB29}.AppStore|iPhone.ActiveCfg = Release|Any CPU
		{71C17C6A-0FA2-441F-A478-BDB06DE6BB29}.AppStore|iPhone.Build.0 = Release|Any CPU
		{71C17C6A-0FA2-441F-A478-BDB06DE6BB29}.AppStore|iPhone.Deploy.0 = Release|Any CPU
		{71C17C6A-0FA2-441F-A478-BDB06DE6BB29}.AppStore|iPhoneSimulator.ActiveCfg = Release|Any CPU
		{71C17C6A-0FA2-441F-A478-BDB06DE6BB29}.AppStore|iPhoneSimulator.Build.0 = Release|Any CPU
		{71C17C6A-0FA2-441F-A478-BDB06DE6BB29}.AppStore|iPhoneSimulator.Deploy.0 = Release|Any CPU
		{71C17C6A-0FA2-441F-A478-BDB06DE6BB29}.AppStore|x64.ActiveCfg = Debug|Any CPU
		{71C17C6A-0FA2-441F-A478-BDB06DE6BB29}.AppStore|x64.Build.0 = Debug|Any CPU
		{71C17C6A-0FA2-441F-A478-BDB06DE6BB29}.AppStore|x64.Deploy.0 = Debug|Any CPU
		{71C17C6A-0FA2-441F-A478-BDB06DE6BB29}.AppStore|x86.ActiveCfg = Debug|Any CPU
		{71C17C6A-0FA2-441F-A478-BDB06DE6BB29}.AppStore|x86.Build.0 = Debug|Any CPU
		{71C17C6A-0FA2-441F-A478-BDB06DE6BB29}.AppStore|x86.Deploy.0 = Debug|Any CPU
		{71C17C6A-0FA2-441F-A478-BDB06DE6BB29}.Debug|Any CPU.ActiveCfg = Debug|Any CPU
		{71C17C6A-0FA2-441F-A478-BDB06DE6BB29}.Debug|Any CPU.Build.0 = Debug|Any CPU
		{71C17C6A-0FA2-441F-A478-BDB06DE6BB29}.Debug|Any CPU.Deploy.0 = Debug|Any CPU
		{71C17C6A-0FA2-441F-A478-BDB06DE6BB29}.Debug|ARM.ActiveCfg = Debug|Any CPU
		{71C17C6A-0FA2-441F-A478-BDB06DE6BB29}.Debug|ARM.Build.0 = Debug|Any CPU
		{71C17C6A-0FA2-441F-A478-BDB06DE6BB29}.Debug|ARM.Deploy.0 = Debug|Any CPU
		{71C17C6A-0FA2-441F-A478-BDB06DE6BB29}.Debug|iPhone.ActiveCfg = Debug|Any CPU
		{71C17C6A-0FA2-441F-A478-BDB06DE6BB29}.Debug|iPhone.Build.0 = Debug|Any CPU
		{71C17C6A-0FA2-441F-A478-BDB06DE6BB29}.Debug|iPhone.Deploy.0 = Debug|Any CPU
		{71C17C6A-0FA2-441F-A478-BDB06DE6BB29}.Debug|iPhoneSimulator.ActiveCfg = Debug|Any CPU
		{71C17C6A-0FA2-441F-A478-BDB06DE6BB29}.Debug|iPhoneSimulator.Build.0 = Debug|Any CPU
		{71C17C6A-0FA2-441F-A478-BDB06DE6BB29}.Debug|iPhoneSimulator.Deploy.0 = Debug|Any CPU
		{71C17C6A-0FA2-441F-A478-BDB06DE6BB29}.Debug|x64.ActiveCfg = Debug|Any CPU
		{71C17C6A-0FA2-441F-A478-BDB06DE6BB29}.Debug|x64.Build.0 = Debug|Any CPU
		{71C17C6A-0FA2-441F-A478-BDB06DE6BB29}.Debug|x64.Deploy.0 = Debug|Any CPU
		{71C17C6A-0FA2-441F-A478-BDB06DE6BB29}.Debug|x86.ActiveCfg = Debug|Any CPU
		{71C17C6A-0FA2-441F-A478-BDB06DE6BB29}.Debug|x86.Build.0 = Debug|Any CPU
		{71C17C6A-0FA2-441F-A478-BDB06DE6BB29}.Debug|x86.Deploy.0 = Debug|Any CPU
		{71C17C6A-0FA2-441F-A478-BDB06DE6BB29}.Release|Any CPU.ActiveCfg = Release|Any CPU
		{71C17C6A-0FA2-441F-A478-BDB06DE6BB29}.Release|Any CPU.Build.0 = Release|Any CPU
		{71C17C6A-0FA2-441F-A478-BDB06DE6BB29}.Release|Any CPU.Deploy.0 = Release|Any CPU
		{71C17C6A-0FA2-441F-A478-BDB06DE6BB29}.Release|ARM.ActiveCfg = Release|Any CPU
		{71C17C6A-0FA2-441F-A478-BDB06DE6BB29}.Release|ARM.Build.0 = Release|Any CPU
		{71C17C6A-0FA2-441F-A478-BDB06DE6BB29}.Release|ARM.Deploy.0 = Release|Any CPU
		{71C17C6A-0FA2-441F-A478-BDB06DE6BB29}.Release|iPhone.ActiveCfg = Release|Any CPU
		{71C17C6A-0FA2-441F-A478-BDB06DE6BB29}.Release|iPhone.Build.0 = Release|Any CPU
		{71C17C6A-0FA2-441F-A478-BDB06DE6BB29}.Release|iPhone.Deploy.0 = Release|Any CPU
		{71C17C6A-0FA2-441F-A478-BDB06DE6BB29}.Release|iPhoneSimulator.ActiveCfg = Release|Any CPU
		{71C17C6A-0FA2-441F-A478-BDB06DE6BB29}.Release|iPhoneSimulator.Build.0 = Release|Any CPU
		{71C17C6A-0FA2-441F-A478-BDB06DE6BB29}.Release|iPhoneSimulator.Deploy.0 = Release|Any CPU
		{71C17C6A-0FA2-441F-A478-BDB06DE6BB29}.Release|x64.ActiveCfg = Release|Any CPU
		{71C17C6A-0FA2-441F-A478-BDB06DE6BB29}.Release|x64.Build.0 = Release|Any CPU
		{71C17C6A-0FA2-441F-A478-BDB06DE6BB29}.Release|x64.Deploy.0 = Release|Any CPU
		{71C17C6A-0FA2-441F-A478-BDB06DE6BB29}.Release|x86.ActiveCfg = Release|Any CPU
		{71C17C6A-0FA2-441F-A478-BDB06DE6BB29}.Release|x86.Build.0 = Release|Any CPU
		{71C17C6A-0FA2-441F-A478-BDB06DE6BB29}.Release|x86.Deploy.0 = Release|Any CPU
		{1A4C1BD5-EF19-4495-ACDD-7B14E3B136EA}.Ad-Hoc|Any CPU.ActiveCfg = Ad-Hoc|iPhone
		{1A4C1BD5-EF19-4495-ACDD-7B14E3B136EA}.Ad-Hoc|Any CPU.Build.0 = Ad-Hoc|iPhone
		{1A4C1BD5-EF19-4495-ACDD-7B14E3B136EA}.Ad-Hoc|Any CPU.Deploy.0 = Ad-Hoc|iPhone
		{1A4C1BD5-EF19-4495-ACDD-7B14E3B136EA}.Ad-Hoc|ARM.ActiveCfg = Ad-Hoc|iPhoneSimulator
		{1A4C1BD5-EF19-4495-ACDD-7B14E3B136EA}.Ad-Hoc|iPhone.ActiveCfg = Ad-Hoc|iPhone
		{1A4C1BD5-EF19-4495-ACDD-7B14E3B136EA}.Ad-Hoc|iPhone.Build.0 = Ad-Hoc|iPhone
		{1A4C1BD5-EF19-4495-ACDD-7B14E3B136EA}.Ad-Hoc|iPhone.Deploy.0 = Ad-Hoc|iPhone
		{1A4C1BD5-EF19-4495-ACDD-7B14E3B136EA}.Ad-Hoc|iPhoneSimulator.ActiveCfg = Ad-Hoc|iPhoneSimulator
		{1A4C1BD5-EF19-4495-ACDD-7B14E3B136EA}.Ad-Hoc|iPhoneSimulator.Build.0 = Ad-Hoc|iPhoneSimulator
		{1A4C1BD5-EF19-4495-ACDD-7B14E3B136EA}.Ad-Hoc|iPhoneSimulator.Deploy.0 = Ad-Hoc|iPhoneSimulator
		{1A4C1BD5-EF19-4495-ACDD-7B14E3B136EA}.Ad-Hoc|x64.ActiveCfg = Ad-Hoc|iPhoneSimulator
		{1A4C1BD5-EF19-4495-ACDD-7B14E3B136EA}.Ad-Hoc|x86.ActiveCfg = Ad-Hoc|iPhoneSimulator
		{1A4C1BD5-EF19-4495-ACDD-7B14E3B136EA}.AppStore|Any CPU.ActiveCfg = AppStore|iPhone
		{1A4C1BD5-EF19-4495-ACDD-7B14E3B136EA}.AppStore|Any CPU.Build.0 = AppStore|iPhone
		{1A4C1BD5-EF19-4495-ACDD-7B14E3B136EA}.AppStore|Any CPU.Deploy.0 = AppStore|iPhone
		{1A4C1BD5-EF19-4495-ACDD-7B14E3B136EA}.AppStore|ARM.ActiveCfg = AppStore|iPhoneSimulator
		{1A4C1BD5-EF19-4495-ACDD-7B14E3B136EA}.AppStore|iPhone.ActiveCfg = AppStore|iPhone
		{1A4C1BD5-EF19-4495-ACDD-7B14E3B136EA}.AppStore|iPhone.Build.0 = AppStore|iPhone
		{1A4C1BD5-EF19-4495-ACDD-7B14E3B136EA}.AppStore|iPhone.Deploy.0 = AppStore|iPhone
		{1A4C1BD5-EF19-4495-ACDD-7B14E3B136EA}.AppStore|iPhoneSimulator.ActiveCfg = AppStore|iPhoneSimulator
		{1A4C1BD5-EF19-4495-ACDD-7B14E3B136EA}.AppStore|iPhoneSimulator.Build.0 = AppStore|iPhoneSimulator
		{1A4C1BD5-EF19-4495-ACDD-7B14E3B136EA}.AppStore|iPhoneSimulator.Deploy.0 = AppStore|iPhoneSimulator
		{1A4C1BD5-EF19-4495-ACDD-7B14E3B136EA}.AppStore|x64.ActiveCfg = AppStore|iPhoneSimulator
		{1A4C1BD5-EF19-4495-ACDD-7B14E3B136EA}.AppStore|x86.ActiveCfg = AppStore|iPhoneSimulator
		{1A4C1BD5-EF19-4495-ACDD-7B14E3B136EA}.Debug|Any CPU.ActiveCfg = Debug|iPhoneSimulator
		{1A4C1BD5-EF19-4495-ACDD-7B14E3B136EA}.Debug|Any CPU.Build.0 = Debug|iPhoneSimulator
		{1A4C1BD5-EF19-4495-ACDD-7B14E3B136EA}.Debug|Any CPU.Deploy.0 = Debug|iPhoneSimulator
		{1A4C1BD5-EF19-4495-ACDD-7B14E3B136EA}.Debug|ARM.ActiveCfg = Debug|iPhone
		{1A4C1BD5-EF19-4495-ACDD-7B14E3B136EA}.Debug|iPhone.ActiveCfg = Debug|iPhone
		{1A4C1BD5-EF19-4495-ACDD-7B14E3B136EA}.Debug|iPhone.Build.0 = Debug|iPhone
		{1A4C1BD5-EF19-4495-ACDD-7B14E3B136EA}.Debug|iPhone.Deploy.0 = Debug|iPhone
		{1A4C1BD5-EF19-4495-ACDD-7B14E3B136EA}.Debug|iPhoneSimulator.ActiveCfg = Debug|iPhoneSimulator
		{1A4C1BD5-EF19-4495-ACDD-7B14E3B136EA}.Debug|iPhoneSimulator.Build.0 = Debug|iPhoneSimulator
		{1A4C1BD5-EF19-4495-ACDD-7B14E3B136EA}.Debug|iPhoneSimulator.Deploy.0 = Debug|iPhoneSimulator
		{1A4C1BD5-EF19-4495-ACDD-7B14E3B136EA}.Debug|x64.ActiveCfg = Debug|iPhone
		{1A4C1BD5-EF19-4495-ACDD-7B14E3B136EA}.Debug|x86.ActiveCfg = Debug|iPhone
		{1A4C1BD5-EF19-4495-ACDD-7B14E3B136EA}.Release|Any CPU.ActiveCfg = Release|iPhone
		{1A4C1BD5-EF19-4495-ACDD-7B14E3B136EA}.Release|Any CPU.Build.0 = Release|iPhone
		{1A4C1BD5-EF19-4495-ACDD-7B14E3B136EA}.Release|Any CPU.Deploy.0 = Release|iPhone
		{1A4C1BD5-EF19-4495-ACDD-7B14E3B136EA}.Release|ARM.ActiveCfg = Release|iPhoneSimulator
		{1A4C1BD5-EF19-4495-ACDD-7B14E3B136EA}.Release|iPhone.ActiveCfg = Release|iPhone
		{1A4C1BD5-EF19-4495-ACDD-7B14E3B136EA}.Release|iPhone.Build.0 = Release|iPhone
		{1A4C1BD5-EF19-4495-ACDD-7B14E3B136EA}.Release|iPhone.Deploy.0 = Release|iPhone
		{1A4C1BD5-EF19-4495-ACDD-7B14E3B136EA}.Release|iPhoneSimulator.ActiveCfg = Release|iPhoneSimulator
		{1A4C1BD5-EF19-4495-ACDD-7B14E3B136EA}.Release|iPhoneSimulator.Build.0 = Release|iPhoneSimulator
		{1A4C1BD5-EF19-4495-ACDD-7B14E3B136EA}.Release|iPhoneSimulator.Deploy.0 = Release|iPhoneSimulator
		{1A4C1BD5-EF19-4495-ACDD-7B14E3B136EA}.Release|x64.ActiveCfg = Release|iPhoneSimulator
		{1A4C1BD5-EF19-4495-ACDD-7B14E3B136EA}.Release|x86.ActiveCfg = Release|iPhoneSimulator
		{752808B7-C853-4DFB-8347-4CBF2D3E88D9}.Ad-Hoc|Any CPU.ActiveCfg = Release|Any CPU
		{752808B7-C853-4DFB-8347-4CBF2D3E88D9}.Ad-Hoc|Any CPU.Build.0 = Release|Any CPU
		{752808B7-C853-4DFB-8347-4CBF2D3E88D9}.Ad-Hoc|ARM.ActiveCfg = Debug|Any CPU
		{752808B7-C853-4DFB-8347-4CBF2D3E88D9}.Ad-Hoc|ARM.Build.0 = Debug|Any CPU
		{752808B7-C853-4DFB-8347-4CBF2D3E88D9}.Ad-Hoc|iPhone.ActiveCfg = Release|Any CPU
		{752808B7-C853-4DFB-8347-4CBF2D3E88D9}.Ad-Hoc|iPhone.Build.0 = Release|Any CPU
		{752808B7-C853-4DFB-8347-4CBF2D3E88D9}.Ad-Hoc|iPhoneSimulator.ActiveCfg = Release|Any CPU
		{752808B7-C853-4DFB-8347-4CBF2D3E88D9}.Ad-Hoc|iPhoneSimulator.Build.0 = Release|Any CPU
		{752808B7-C853-4DFB-8347-4CBF2D3E88D9}.Ad-Hoc|x64.ActiveCfg = Debug|Any CPU
		{752808B7-C853-4DFB-8347-4CBF2D3E88D9}.Ad-Hoc|x64.Build.0 = Debug|Any CPU
		{752808B7-C853-4DFB-8347-4CBF2D3E88D9}.Ad-Hoc|x86.ActiveCfg = Debug|Any CPU
		{752808B7-C853-4DFB-8347-4CBF2D3E88D9}.Ad-Hoc|x86.Build.0 = Debug|Any CPU
		{752808B7-C853-4DFB-8347-4CBF2D3E88D9}.AppStore|Any CPU.ActiveCfg = Release|Any CPU
		{752808B7-C853-4DFB-8347-4CBF2D3E88D9}.AppStore|Any CPU.Build.0 = Release|Any CPU
		{752808B7-C853-4DFB-8347-4CBF2D3E88D9}.AppStore|ARM.ActiveCfg = Debug|Any CPU
		{752808B7-C853-4DFB-8347-4CBF2D3E88D9}.AppStore|ARM.Build.0 = Debug|Any CPU
		{752808B7-C853-4DFB-8347-4CBF2D3E88D9}.AppStore|iPhone.ActiveCfg = Release|Any CPU
		{752808B7-C853-4DFB-8347-4CBF2D3E88D9}.AppStore|iPhone.Build.0 = Release|Any CPU
		{752808B7-C853-4DFB-8347-4CBF2D3E88D9}.AppStore|iPhoneSimulator.ActiveCfg = Release|Any CPU
		{752808B7-C853-4DFB-8347-4CBF2D3E88D9}.AppStore|iPhoneSimulator.Build.0 = Release|Any CPU
		{752808B7-C853-4DFB-8347-4CBF2D3E88D9}.AppStore|x64.ActiveCfg = Debug|Any CPU
		{752808B7-C853-4DFB-8347-4CBF2D3E88D9}.AppStore|x64.Build.0 = Debug|Any CPU
		{752808B7-C853-4DFB-8347-4CBF2D3E88D9}.AppStore|x86.ActiveCfg = Debug|Any CPU
		{752808B7-C853-4DFB-8347-4CBF2D3E88D9}.AppStore|x86.Build.0 = Debug|Any CPU
		{752808B7-C853-4DFB-8347-4CBF2D3E88D9}.Debug|Any CPU.ActiveCfg = Debug|Any CPU
		{752808B7-C853-4DFB-8347-4CBF2D3E88D9}.Debug|Any CPU.Build.0 = Debug|Any CPU
		{752808B7-C853-4DFB-8347-4CBF2D3E88D9}.Debug|ARM.ActiveCfg = Debug|Any CPU
		{752808B7-C853-4DFB-8347-4CBF2D3E88D9}.Debug|ARM.Build.0 = Debug|Any CPU
		{752808B7-C853-4DFB-8347-4CBF2D3E88D9}.Debug|iPhone.ActiveCfg = Debug|Any CPU
		{752808B7-C853-4DFB-8347-4CBF2D3E88D9}.Debug|iPhone.Build.0 = Debug|Any CPU
		{752808B7-C853-4DFB-8347-4CBF2D3E88D9}.Debug|iPhoneSimulator.ActiveCfg = Debug|Any CPU
		{752808B7-C853-4DFB-8347-4CBF2D3E88D9}.Debug|iPhoneSimulator.Build.0 = Debug|Any CPU
		{752808B7-C853-4DFB-8347-4CBF2D3E88D9}.Debug|x64.ActiveCfg = Debug|Any CPU
		{752808B7-C853-4DFB-8347-4CBF2D3E88D9}.Debug|x64.Build.0 = Debug|Any CPU
		{752808B7-C853-4DFB-8347-4CBF2D3E88D9}.Debug|x86.ActiveCfg = Debug|Any CPU
		{752808B7-C853-4DFB-8347-4CBF2D3E88D9}.Debug|x86.Build.0 = Debug|Any CPU
		{752808B7-C853-4DFB-8347-4CBF2D3E88D9}.Release|Any CPU.ActiveCfg = Release|Any CPU
		{752808B7-C853-4DFB-8347-4CBF2D3E88D9}.Release|Any CPU.Build.0 = Release|Any CPU
		{752808B7-C853-4DFB-8347-4CBF2D3E88D9}.Release|ARM.ActiveCfg = Release|Any CPU
		{752808B7-C853-4DFB-8347-4CBF2D3E88D9}.Release|ARM.Build.0 = Release|Any CPU
		{752808B7-C853-4DFB-8347-4CBF2D3E88D9}.Release|iPhone.ActiveCfg = Release|Any CPU
		{752808B7-C853-4DFB-8347-4CBF2D3E88D9}.Release|iPhone.Build.0 = Release|Any CPU
		{752808B7-C853-4DFB-8347-4CBF2D3E88D9}.Release|iPhoneSimulator.ActiveCfg = Release|Any CPU
		{752808B7-C853-4DFB-8347-4CBF2D3E88D9}.Release|iPhoneSimulator.Build.0 = Release|Any CPU
		{752808B7-C853-4DFB-8347-4CBF2D3E88D9}.Release|x64.ActiveCfg = Release|Any CPU
		{752808B7-C853-4DFB-8347-4CBF2D3E88D9}.Release|x64.Build.0 = Release|Any CPU
		{752808B7-C853-4DFB-8347-4CBF2D3E88D9}.Release|x86.ActiveCfg = Release|Any CPU
		{752808B7-C853-4DFB-8347-4CBF2D3E88D9}.Release|x86.Build.0 = Release|Any CPU
		{C96178AA-0F09-4C1A-84B3-590A093EAC24}.Ad-Hoc|Any CPU.ActiveCfg = Release|x64
		{C96178AA-0F09-4C1A-84B3-590A093EAC24}.Ad-Hoc|Any CPU.Build.0 = Release|x64
		{C96178AA-0F09-4C1A-84B3-590A093EAC24}.Ad-Hoc|Any CPU.Deploy.0 = Release|x64
		{C96178AA-0F09-4C1A-84B3-590A093EAC24}.Ad-Hoc|ARM.ActiveCfg = Release|ARM
		{C96178AA-0F09-4C1A-84B3-590A093EAC24}.Ad-Hoc|ARM.Build.0 = Release|ARM
		{C96178AA-0F09-4C1A-84B3-590A093EAC24}.Ad-Hoc|ARM.Deploy.0 = Release|ARM
		{C96178AA-0F09-4C1A-84B3-590A093EAC24}.Ad-Hoc|iPhone.ActiveCfg = Release|x64
		{C96178AA-0F09-4C1A-84B3-590A093EAC24}.Ad-Hoc|iPhone.Build.0 = Release|x64
		{C96178AA-0F09-4C1A-84B3-590A093EAC24}.Ad-Hoc|iPhone.Deploy.0 = Release|x64
		{C96178AA-0F09-4C1A-84B3-590A093EAC24}.Ad-Hoc|iPhoneSimulator.ActiveCfg = Release|x64
		{C96178AA-0F09-4C1A-84B3-590A093EAC24}.Ad-Hoc|iPhoneSimulator.Build.0 = Release|x64
		{C96178AA-0F09-4C1A-84B3-590A093EAC24}.Ad-Hoc|iPhoneSimulator.Deploy.0 = Release|x64
		{C96178AA-0F09-4C1A-84B3-590A093EAC24}.Ad-Hoc|x64.ActiveCfg = Release|x64
		{C96178AA-0F09-4C1A-84B3-590A093EAC24}.Ad-Hoc|x64.Build.0 = Release|x64
		{C96178AA-0F09-4C1A-84B3-590A093EAC24}.Ad-Hoc|x64.Deploy.0 = Release|x64
		{C96178AA-0F09-4C1A-84B3-590A093EAC24}.Ad-Hoc|x86.ActiveCfg = Release|x86
		{C96178AA-0F09-4C1A-84B3-590A093EAC24}.Ad-Hoc|x86.Build.0 = Release|x86
		{C96178AA-0F09-4C1A-84B3-590A093EAC24}.Ad-Hoc|x86.Deploy.0 = Release|x86
		{C96178AA-0F09-4C1A-84B3-590A093EAC24}.AppStore|Any CPU.ActiveCfg = Release|x64
		{C96178AA-0F09-4C1A-84B3-590A093EAC24}.AppStore|Any CPU.Build.0 = Release|x64
		{C96178AA-0F09-4C1A-84B3-590A093EAC24}.AppStore|Any CPU.Deploy.0 = Release|x64
		{C96178AA-0F09-4C1A-84B3-590A093EAC24}.AppStore|ARM.ActiveCfg = Release|ARM
		{C96178AA-0F09-4C1A-84B3-590A093EAC24}.AppStore|ARM.Build.0 = Release|ARM
		{C96178AA-0F09-4C1A-84B3-590A093EAC24}.AppStore|ARM.Deploy.0 = Release|ARM
		{C96178AA-0F09-4C1A-84B3-590A093EAC24}.AppStore|iPhone.ActiveCfg = Release|x64
		{C96178AA-0F09-4C1A-84B3-590A093EAC24}.AppStore|iPhone.Build.0 = Release|x64
		{C96178AA-0F09-4C1A-84B3-590A093EAC24}.AppStore|iPhone.Deploy.0 = Release|x64
		{C96178AA-0F09-4C1A-84B3-590A093EAC24}.AppStore|iPhoneSimulator.ActiveCfg = Release|x64
		{C96178AA-0F09-4C1A-84B3-590A093EAC24}.AppStore|iPhoneSimulator.Build.0 = Release|x64
		{C96178AA-0F09-4C1A-84B3-590A093EAC24}.AppStore|iPhoneSimulator.Deploy.0 = Release|x64
		{C96178AA-0F09-4C1A-84B3-590A093EAC24}.AppStore|x64.ActiveCfg = Release|x64
		{C96178AA-0F09-4C1A-84B3-590A093EAC24}.AppStore|x64.Build.0 = Release|x64
		{C96178AA-0F09-4C1A-84B3-590A093EAC24}.AppStore|x64.Deploy.0 = Release|x64
		{C96178AA-0F09-4C1A-84B3-590A093EAC24}.AppStore|x86.ActiveCfg = Release|x86
		{C96178AA-0F09-4C1A-84B3-590A093EAC24}.AppStore|x86.Build.0 = Release|x86
		{C96178AA-0F09-4C1A-84B3-590A093EAC24}.AppStore|x86.Deploy.0 = Release|x86
		{C96178AA-0F09-4C1A-84B3-590A093EAC24}.Debug|Any CPU.ActiveCfg = Debug|x86
		{C96178AA-0F09-4C1A-84B3-590A093EAC24}.Debug|ARM.ActiveCfg = Debug|ARM
		{C96178AA-0F09-4C1A-84B3-590A093EAC24}.Debug|ARM.Build.0 = Debug|ARM
		{C96178AA-0F09-4C1A-84B3-590A093EAC24}.Debug|ARM.Deploy.0 = Debug|ARM
		{C96178AA-0F09-4C1A-84B3-590A093EAC24}.Debug|iPhone.ActiveCfg = Debug|x86
		{C96178AA-0F09-4C1A-84B3-590A093EAC24}.Debug|iPhoneSimulator.ActiveCfg = Debug|x86
		{C96178AA-0F09-4C1A-84B3-590A093EAC24}.Debug|x64.ActiveCfg = Debug|x64
		{C96178AA-0F09-4C1A-84B3-590A093EAC24}.Debug|x64.Build.0 = Debug|x64
		{C96178AA-0F09-4C1A-84B3-590A093EAC24}.Debug|x64.Deploy.0 = Debug|x64
		{C96178AA-0F09-4C1A-84B3-590A093EAC24}.Debug|x86.ActiveCfg = Debug|x86
		{C96178AA-0F09-4C1A-84B3-590A093EAC24}.Debug|x86.Build.0 = Debug|x86
		{C96178AA-0F09-4C1A-84B3-590A093EAC24}.Debug|x86.Deploy.0 = Debug|x86
		{C96178AA-0F09-4C1A-84B3-590A093EAC24}.Release|Any CPU.ActiveCfg = Release|x86
		{C96178AA-0F09-4C1A-84B3-590A093EAC24}.Release|ARM.ActiveCfg = Release|ARM
		{C96178AA-0F09-4C1A-84B3-590A093EAC24}.Release|ARM.Build.0 = Release|ARM
		{C96178AA-0F09-4C1A-84B3-590A093EAC24}.Release|ARM.Deploy.0 = Release|ARM
		{C96178AA-0F09-4C1A-84B3-590A093EAC24}.Release|iPhone.ActiveCfg = Release|x86
		{C96178AA-0F09-4C1A-84B3-590A093EAC24}.Release|iPhoneSimulator.ActiveCfg = Release|x86
		{C96178AA-0F09-4C1A-84B3-590A093EAC24}.Release|x64.ActiveCfg = Release|x64
		{C96178AA-0F09-4C1A-84B3-590A093EAC24}.Release|x64.Build.0 = Release|x64
		{C96178AA-0F09-4C1A-84B3-590A093EAC24}.Release|x64.Deploy.0 = Release|x64
		{C96178AA-0F09-4C1A-84B3-590A093EAC24}.Release|x86.ActiveCfg = Release|x86
		{C96178AA-0F09-4C1A-84B3-590A093EAC24}.Release|x86.Build.0 = Release|x86
		{C96178AA-0F09-4C1A-84B3-590A093EAC24}.Release|x86.Deploy.0 = Release|x86
		{A0041D0D-11F5-4017-BAE9-D51224D0FCF9}.Ad-Hoc|Any CPU.ActiveCfg = Debug|Any CPU
		{A0041D0D-11F5-4017-BAE9-D51224D0FCF9}.Ad-Hoc|Any CPU.Build.0 = Debug|Any CPU
		{A0041D0D-11F5-4017-BAE9-D51224D0FCF9}.Ad-Hoc|ARM.ActiveCfg = Debug|Any CPU
		{A0041D0D-11F5-4017-BAE9-D51224D0FCF9}.Ad-Hoc|ARM.Build.0 = Debug|Any CPU
		{A0041D0D-11F5-4017-BAE9-D51224D0FCF9}.Ad-Hoc|iPhone.ActiveCfg = Debug|Any CPU
		{A0041D0D-11F5-4017-BAE9-D51224D0FCF9}.Ad-Hoc|iPhone.Build.0 = Debug|Any CPU
		{A0041D0D-11F5-4017-BAE9-D51224D0FCF9}.Ad-Hoc|iPhoneSimulator.ActiveCfg = Debug|Any CPU
		{A0041D0D-11F5-4017-BAE9-D51224D0FCF9}.Ad-Hoc|iPhoneSimulator.Build.0 = Debug|Any CPU
		{A0041D0D-11F5-4017-BAE9-D51224D0FCF9}.Ad-Hoc|x64.ActiveCfg = Debug|Any CPU
		{A0041D0D-11F5-4017-BAE9-D51224D0FCF9}.Ad-Hoc|x64.Build.0 = Debug|Any CPU
		{A0041D0D-11F5-4017-BAE9-D51224D0FCF9}.Ad-Hoc|x86.ActiveCfg = Debug|Any CPU
		{A0041D0D-11F5-4017-BAE9-D51224D0FCF9}.Ad-Hoc|x86.Build.0 = Debug|Any CPU
		{A0041D0D-11F5-4017-BAE9-D51224D0FCF9}.AppStore|Any CPU.ActiveCfg = Debug|Any CPU
		{A0041D0D-11F5-4017-BAE9-D51224D0FCF9}.AppStore|Any CPU.Build.0 = Debug|Any CPU
		{A0041D0D-11F5-4017-BAE9-D51224D0FCF9}.AppStore|ARM.ActiveCfg = Debug|Any CPU
		{A0041D0D-11F5-4017-BAE9-D51224D0FCF9}.AppStore|ARM.Build.0 = Debug|Any CPU
		{A0041D0D-11F5-4017-BAE9-D51224D0FCF9}.AppStore|iPhone.ActiveCfg = Debug|Any CPU
		{A0041D0D-11F5-4017-BAE9-D51224D0FCF9}.AppStore|iPhone.Build.0 = Debug|Any CPU
		{A0041D0D-11F5-4017-BAE9-D51224D0FCF9}.AppStore|iPhoneSimulator.ActiveCfg = Debug|Any CPU
		{A0041D0D-11F5-4017-BAE9-D51224D0FCF9}.AppStore|iPhoneSimulator.Build.0 = Debug|Any CPU
		{A0041D0D-11F5-4017-BAE9-D51224D0FCF9}.AppStore|x64.ActiveCfg = Debug|Any CPU
		{A0041D0D-11F5-4017-BAE9-D51224D0FCF9}.AppStore|x64.Build.0 = Debug|Any CPU
		{A0041D0D-11F5-4017-BAE9-D51224D0FCF9}.AppStore|x86.ActiveCfg = Debug|Any CPU
		{A0041D0D-11F5-4017-BAE9-D51224D0FCF9}.AppStore|x86.Build.0 = Debug|Any CPU
		{A0041D0D-11F5-4017-BAE9-D51224D0FCF9}.Debug|Any CPU.ActiveCfg = Debug|Any CPU
		{A0041D0D-11F5-4017-BAE9-D51224D0FCF9}.Debug|Any CPU.Build.0 = Debug|Any CPU
		{A0041D0D-11F5-4017-BAE9-D51224D0FCF9}.Debug|ARM.ActiveCfg = Debug|Any CPU
		{A0041D0D-11F5-4017-BAE9-D51224D0FCF9}.Debug|ARM.Build.0 = Debug|Any CPU
		{A0041D0D-11F5-4017-BAE9-D51224D0FCF9}.Debug|iPhone.ActiveCfg = Debug|Any CPU
		{A0041D0D-11F5-4017-BAE9-D51224D0FCF9}.Debug|iPhone.Build.0 = Debug|Any CPU
		{A0041D0D-11F5-4017-BAE9-D51224D0FCF9}.Debug|iPhoneSimulator.ActiveCfg = Debug|Any CPU
		{A0041D0D-11F5-4017-BAE9-D51224D0FCF9}.Debug|iPhoneSimulator.Build.0 = Debug|Any CPU
		{A0041D0D-11F5-4017-BAE9-D51224D0FCF9}.Debug|x64.ActiveCfg = Debug|Any CPU
		{A0041D0D-11F5-4017-BAE9-D51224D0FCF9}.Debug|x64.Build.0 = Debug|Any CPU
		{A0041D0D-11F5-4017-BAE9-D51224D0FCF9}.Debug|x86.ActiveCfg = Debug|Any CPU
		{A0041D0D-11F5-4017-BAE9-D51224D0FCF9}.Debug|x86.Build.0 = Debug|Any CPU
		{A0041D0D-11F5-4017-BAE9-D51224D0FCF9}.Release|Any CPU.ActiveCfg = Release|Any CPU
		{A0041D0D-11F5-4017-BAE9-D51224D0FCF9}.Release|Any CPU.Build.0 = Release|Any CPU
		{A0041D0D-11F5-4017-BAE9-D51224D0FCF9}.Release|ARM.ActiveCfg = Release|Any CPU
		{A0041D0D-11F5-4017-BAE9-D51224D0FCF9}.Release|ARM.Build.0 = Release|Any CPU
		{A0041D0D-11F5-4017-BAE9-D51224D0FCF9}.Release|iPhone.ActiveCfg = Release|Any CPU
		{A0041D0D-11F5-4017-BAE9-D51224D0FCF9}.Release|iPhone.Build.0 = Release|Any CPU
		{A0041D0D-11F5-4017-BAE9-D51224D0FCF9}.Release|iPhoneSimulator.ActiveCfg = Release|Any CPU
		{A0041D0D-11F5-4017-BAE9-D51224D0FCF9}.Release|iPhoneSimulator.Build.0 = Release|Any CPU
		{A0041D0D-11F5-4017-BAE9-D51224D0FCF9}.Release|x64.ActiveCfg = Release|Any CPU
		{A0041D0D-11F5-4017-BAE9-D51224D0FCF9}.Release|x64.Build.0 = Release|Any CPU
		{A0041D0D-11F5-4017-BAE9-D51224D0FCF9}.Release|x86.ActiveCfg = Release|Any CPU
		{A0041D0D-11F5-4017-BAE9-D51224D0FCF9}.Release|x86.Build.0 = Release|Any CPU
	EndGlobalSection
	GlobalSection(SolutionProperties) = preSolution
		HideSolutionNode = FALSE
	EndGlobalSection
	GlobalSection(ExtensibilityGlobals) = postSolution
		SolutionGuid = {34555366-6B5E-492C-95C8-C6EEF7EAD47F}
	EndGlobalSection
EndGlobal
